
Microsoft Visual Studio Solution File, Format Version 12.00
# Visual Studio Version 17
VisualStudioVersion = 17.14.36109.1
MinimumVisualStudioVersion = 10.0.40219.1
Project("{FAE04EC0-301F-11D3-BF4B-00C04F79EFBC}") = "UI", "Task2\UI.csproj", "{48EDE708-A2D4-4651-A4D7-C66615BFCDAE}"
EndProject
Project("{FAE04EC0-301F-11D3-BF4B-00C04F79EFBC}") = "Domain", "Domain\Domain.csproj", "{1F04BDE2-289F-43B7-9CB7-A2C1F1849BA6}"
EndProject
Project("{FAE04EC0-301F-11D3-BF4B-00C04F79EFBC}") = "Data", "Data\Data.csproj", "{26F77AAB-6E17-4B0E-8262-005333B3E9EE}"
EndProject
Global
	GlobalSection(SolutionConfigurationPlatforms) = preSolution
		Debug|Any CPU = Debug|Any CPU
		Release|Any CPU = Release|Any CPU
	EndGlobalSection
	GlobalSection(ProjectConfigurationPlatforms) = postSolution
		{48EDE708-A2D4-4651-A4D7-C66615BFCDAE}.Debug|Any CPU.ActiveCfg = Debug|Any CPU
		{48EDE708-A2D4-4651-A4D7-C66615BFCDAE}.Debug|Any CPU.Build.0 = Debug|Any CPU
		{48EDE708-A2D4-4651-A4D7-C66615BFCDAE}.Release|Any CPU.ActiveCfg = Release|Any CPU
		{48EDE708-A2D4-4651-A4D7-C66615BFCDAE}.Release|Any CPU.Build.0 = Release|Any CPU
		{1F04BDE2-289F-43B7-9CB7-A2C1F1849BA6}.Debug|Any CPU.ActiveCfg = Debug|Any CPU
		{1F04BDE2-289F-43B7-9CB7-A2C1F1849BA6}.Debug|Any CPU.Build.0 = Debug|Any CPU
		{1F04BDE2-289F-43B7-9CB7-A2C1F1849BA6}.Release|Any CPU.ActiveCfg = Release|Any CPU
		{1F04BDE2-289F-43B7-9CB7-A2C1F1849BA6}.Release|Any CPU.Build.0 = Release|Any CPU
		{26F77AAB-6E17-4B0E-8262-005333B3E9EE}.Debug|Any CPU.ActiveCfg = Debug|Any CPU
		{26F77AAB-6E17-4B0E-8262-005333B3E9EE}.Debug|Any CPU.Build.0 = Debug|Any CPU
		{26F77AAB-6E17-4B0E-8262-005333B3E9EE}.Release|Any CPU.ActiveCfg = Release|Any CPU
		{26F77AAB-6E17-4B0E-8262-005333B3E9EE}.Release|Any CPU.Build.0 = Release|Any CPU
	EndGlobalSection
	GlobalSection(SolutionProperties) = preSolution
		HideSolutionNode = FALSE
	EndGlobalSection
	GlobalSection(ExtensibilityGlobals) = postSolution
		SolutionGuid = {130BF738-7605-42A1-A5A3-C89F4B9D5C14}
	EndGlobalSection
EndGlobal
